
Microsoft Visual Studio Solution File, Format Version 12.00
# Visual Studio 15
VisualStudioVersion = 15.0.28307.1927
MinimumVisualStudioVersion = 10.0.40219.1
Project("{FAE04EC0-301F-11D3-BF4B-00C04F79EFBC}") = "kakao", "kakao\kakao.csproj", "{FBF10353-B67A-4BAC-8886-5323A72C7055}"
EndProject
Global
	GlobalSection(SolutionConfigurationPlatforms) = preSolution
		Debug|Any CPU = Debug|Any CPU
		Release|Any CPU = Release|Any CPU
	EndGlobalSection
	GlobalSection(ProjectConfigurationPlatforms) = postSolution
		{FBF10353-B67A-4BAC-8886-5323A72C7055}.Debug|Any CPU.ActiveCfg = Debug|Any CPU
		{FBF10353-B67A-4BAC-8886-5323A72C7055}.Debug|Any CPU.Build.0 = Debug|Any CPU
		{FBF10353-B67A-4BAC-8886-5323A72C7055}.Release|Any CPU.ActiveCfg = Release|Any CPU
		{FBF10353-B67A-4BAC-8886-5323A72C7055}.Release|Any CPU.Build.0 = Release|Any CPU
	EndGlobalSection
	GlobalSection(SolutionProperties) = preSolution
		HideSolutionNode = FALSE
	EndGlobalSection
	GlobalSection(ExtensibilityGlobals) = postSolution
		SolutionGuid = {BE8F58A4-DEBA-4BD7-BF9D-7E1FBCFD9A35}
	EndGlobalSection
EndGlobal
